
Microsoft Visual Studio Solution File, Format Version 12.00
# Visual Studio Version 16
VisualStudioVersion = 16.0.32630.194
MinimumVisualStudioVersion = 10.0.40219.1
Project("{FAE04EC0-301F-11D3-BF4B-00C04F79EFBC}") = "SWM", "SWM.csproj", "{BBC0C005-0BC3-4B64-A37D-5351AD34BBA8}"
EndProject
Global
	GlobalSection(SolutionConfigurationPlatforms) = preSolution
		Debug|Any CPU = Debug|Any CPU
		Debug|x64 = Debug|x64
		Release|Any CPU = Release|Any CPU
		Release|x64 = Release|x64
	EndGlobalSection
	GlobalSection(ProjectConfigurationPlatforms) = postSolution
		{BBC0C005-0BC3-4B64-A37D-5351AD34BBA8}.Debug|Any CPU.ActiveCfg = Debug|Any CPU
		{BBC0C005-0BC3-4B64-A37D-5351AD34BBA8}.Debug|Any CPU.Build.0 = Debug|Any CPU
		{BBC0C005-0BC3-4B64-A37D-5351AD34BBA8}.Debug|x64.ActiveCfg = Debug|x64
		{BBC0C005-0BC3-4B64-A37D-5351AD34BBA8}.Debug|x64.Build.0 = Debug|x64
		{BBC0C005-0BC3-4B64-A37D-5351AD34BBA8}.Release|Any CPU.ActiveCfg = Release|Any CPU
		{BBC0C005-0BC3-4B64-A37D-5351AD34BBA8}.Release|Any CPU.Build.0 = Release|Any CPU
		{BBC0C005-0BC3-4B64-A37D-5351AD34BBA8}.Release|x64.ActiveCfg = Release|x64
		{BBC0C005-0BC3-4B64-A37D-5351AD34BBA8}.Release|x64.Build.0 = Release|x64
	EndGlobalSection
	GlobalSection(SolutionProperties) = preSolution
		HideSolutionNode = FALSE
	EndGlobalSection
	GlobalSection(ExtensibilityGlobals) = postSolution
		SolutionGuid = {41068E41-851A-44BE-A41F-113C8B34B024}
	EndGlobalSection
EndGlobal
